
Microsoft Visual Studio Solution File, Format Version 12.00
# Visual Studio Version 16
VisualStudioVersion = 16.0.32602.291
MinimumVisualStudioVersion = 10.0.40219.1
Project("{8BC9CEB8-8B4A-11D0-8D11-00A0C91BC942}") = "Dll_Test", "Dll_Test\Dll_Test.vcxproj", "{11D5B77D-FA4B-432A-9250-EB2D8E26024B}"
EndProject
Global
	GlobalSection(SolutionConfigurationPlatforms) = preSolution
		Debug|x64 = Debug|x64
		Debug|x86 = Debug|x86
		Release|x64 = Release|x64
		Release|x86 = Release|x86
	EndGlobalSection
	GlobalSection(ProjectConfigurationPlatforms) = postSolution
		{11D5B77D-FA4B-432A-9250-EB2D8E26024B}.Debug|x64.ActiveCfg = Debug|x64
		{11D5B77D-FA4B-432A-9250-EB2D8E26024B}.Debug|x64.Build.0 = Debug|x64
		{11D5B77D-FA4B-432A-9250-EB2D8E26024B}.Debug|x86.ActiveCfg = Debug|Win32
		{11D5B77D-FA4B-432A-9250-EB2D8E26024B}.Debug|x86.Build.0 = Debug|Win32
		{11D5B77D-FA4B-432A-9250-EB2D8E26024B}.Release|x64.ActiveCfg = Release|x64
		{11D5B77D-FA4B-432A-9250-EB2D8E26024B}.Release|x64.Build.0 = Release|x64
		{11D5B77D-FA4B-432A-9250-EB2D8E26024B}.Release|x86.ActiveCfg = Release|Win32
		{11D5B77D-FA4B-432A-9250-EB2D8E26024B}.Release|x86.Build.0 = Release|Win32
	EndGlobalSection
	GlobalSection(SolutionProperties) = preSolution
		HideSolutionNode = FALSE
	EndGlobalSection
	GlobalSection(ExtensibilityGlobals) = postSolution
		SolutionGuid = {0CCC52FE-FD8B-4217-BF2C-E2FC98AA5E08}
	EndGlobalSection
EndGlobal
