
Microsoft Visual Studio Solution File, Format Version 12.00
# Visual Studio Version 16
VisualStudioVersion = 16.0.32602.291
MinimumVisualStudioVersion = 10.0.40219.1
Project("{8BC9CEB8-8B4A-11D0-8D11-00A0C91BC942}") = "20220714", "20220714.vcxproj", "{C40F12B3-2AC6-4648-9B35-A2053303C80E}"
EndProject
Global
	GlobalSection(SolutionConfigurationPlatforms) = preSolution
		Debug|x64 = Debug|x64
		Debug|x86 = Debug|x86
		Release|x64 = Release|x64
		Release|x86 = Release|x86
	EndGlobalSection
	GlobalSection(ProjectConfigurationPlatforms) = postSolution
		{C40F12B3-2AC6-4648-9B35-A2053303C80E}.Debug|x64.ActiveCfg = Debug|x64
		{C40F12B3-2AC6-4648-9B35-A2053303C80E}.Debug|x64.Build.0 = Debug|x64
		{C40F12B3-2AC6-4648-9B35-A2053303C80E}.Debug|x86.ActiveCfg = Debug|Win32
		{C40F12B3-2AC6-4648-9B35-A2053303C80E}.Debug|x86.Build.0 = Debug|Win32
		{C40F12B3-2AC6-4648-9B35-A2053303C80E}.Release|x64.ActiveCfg = Release|x64
		{C40F12B3-2AC6-4648-9B35-A2053303C80E}.Release|x64.Build.0 = Release|x64
		{C40F12B3-2AC6-4648-9B35-A2053303C80E}.Release|x86.ActiveCfg = Release|Win32
		{C40F12B3-2AC6-4648-9B35-A2053303C80E}.Release|x86.Build.0 = Release|Win32
	EndGlobalSection
	GlobalSection(SolutionProperties) = preSolution
		HideSolutionNode = FALSE
	EndGlobalSection
	GlobalSection(ExtensibilityGlobals) = postSolution
		SolutionGuid = {62D0F4BF-71A2-4225-9148-23EC849CC821}
	EndGlobalSection
EndGlobal
