
Microsoft Visual Studio Solution File, Format Version 12.00
# Visual Studio Version 16
VisualStudioVersion = 16.0.32602.291
MinimumVisualStudioVersion = 10.0.40219.1
Project("{FAE04EC0-301F-11D3-BF4B-00C04F79EFBC}") = "TheQuestCS", "TheQuestCS\TheQuestCS.csproj", "{C09F44B7-4C98-4B7D-8081-0351B285B1CD}"
EndProject
Global
	GlobalSection(SolutionConfigurationPlatforms) = preSolution
		Debug|Any CPU = Debug|Any CPU
		Release|Any CPU = Release|Any CPU
	EndGlobalSection
	GlobalSection(ProjectConfigurationPlatforms) = postSolution
		{C09F44B7-4C98-4B7D-8081-0351B285B1CD}.Debug|Any CPU.ActiveCfg = Debug|Any CPU
		{C09F44B7-4C98-4B7D-8081-0351B285B1CD}.Debug|Any CPU.Build.0 = Debug|Any CPU
		{C09F44B7-4C98-4B7D-8081-0351B285B1CD}.Release|Any CPU.ActiveCfg = Release|Any CPU
		{C09F44B7-4C98-4B7D-8081-0351B285B1CD}.Release|Any CPU.Build.0 = Release|Any CPU
	EndGlobalSection
	GlobalSection(SolutionProperties) = preSolution
		HideSolutionNode = FALSE
	EndGlobalSection
	GlobalSection(ExtensibilityGlobals) = postSolution
		SolutionGuid = {216EFCAD-7DB9-42D5-A83A-0F9807EE112A}
	EndGlobalSection
EndGlobal
