
Microsoft Visual Studio Solution File, Format Version 12.00
# Visual Studio Version 16
VisualStudioVersion = 16.0.32602.291
MinimumVisualStudioVersion = 10.0.40219.1
Project("{FAE04EC0-301F-11D3-BF4B-00C04F79EFBC}") = "Prj_ADayattheRaces", "Prj_ADayattheRaces.csproj", "{FA6DCE9E-35F0-4A2B-B8F0-642607C52B30}"
EndProject
Global
	GlobalSection(SolutionConfigurationPlatforms) = preSolution
		Debug|Any CPU = Debug|Any CPU
		Release|Any CPU = Release|Any CPU
	EndGlobalSection
	GlobalSection(ProjectConfigurationPlatforms) = postSolution
		{FA6DCE9E-35F0-4A2B-B8F0-642607C52B30}.Debug|Any CPU.ActiveCfg = Debug|Any CPU
		{FA6DCE9E-35F0-4A2B-B8F0-642607C52B30}.Debug|Any CPU.Build.0 = Debug|Any CPU
		{FA6DCE9E-35F0-4A2B-B8F0-642607C52B30}.Release|Any CPU.ActiveCfg = Release|Any CPU
		{FA6DCE9E-35F0-4A2B-B8F0-642607C52B30}.Release|Any CPU.Build.0 = Release|Any CPU
	EndGlobalSection
	GlobalSection(SolutionProperties) = preSolution
		HideSolutionNode = FALSE
	EndGlobalSection
	GlobalSection(ExtensibilityGlobals) = postSolution
		SolutionGuid = {2DD3B513-EB11-4626-A0BF-71720CC736BB}
	EndGlobalSection
EndGlobal
