
Microsoft Visual Studio Solution File, Format Version 12.00
# Visual Studio Version 16
VisualStudioVersion = 16.0.32602.291
MinimumVisualStudioVersion = 10.0.40219.1
Project("{FAE04EC0-301F-11D3-BF4B-00C04F79EFBC}") = "PersonalWork", "PersonalWork\PersonalWork.csproj", "{1F314BB3-9CA5-4B94-A2A3-6D91545C8471}"
EndProject
Global
	GlobalSection(SolutionConfigurationPlatforms) = preSolution
		Debug|Any CPU = Debug|Any CPU
		Release|Any CPU = Release|Any CPU
	EndGlobalSection
	GlobalSection(ProjectConfigurationPlatforms) = postSolution
		{1F314BB3-9CA5-4B94-A2A3-6D91545C8471}.Debug|Any CPU.ActiveCfg = Debug|Any CPU
		{1F314BB3-9CA5-4B94-A2A3-6D91545C8471}.Debug|Any CPU.Build.0 = Debug|Any CPU
		{1F314BB3-9CA5-4B94-A2A3-6D91545C8471}.Release|Any CPU.ActiveCfg = Release|Any CPU
		{1F314BB3-9CA5-4B94-A2A3-6D91545C8471}.Release|Any CPU.Build.0 = Release|Any CPU
	EndGlobalSection
	GlobalSection(SolutionProperties) = preSolution
		HideSolutionNode = FALSE
	EndGlobalSection
	GlobalSection(ExtensibilityGlobals) = postSolution
		SolutionGuid = {75BB5A26-B0C5-407C-BF75-CFF973CFBFA5}
	EndGlobalSection
EndGlobal
